{
  "name": "test-currency-converter",
  "lockfileVersion": 3,
  "type": "module",
  "requires": true,
  "packages": {
    "": {
      "dependencies": {
        "vy-currency-cons": "file:../currency-converter-devs"
      }
    },
    "../currency-converter-devs": {
      "name": "vy-currency-cons",
      "version": "1.0.0",
      "license": "Apache-2.0",
      "dependencies": {
        "@everapi/freecurrencyapi-js": "^1.0.1"
      }
    },
    "node_modules/vy-currency-cons": {
      "resolved": "../currency-converter-devs",
      "link": true
    }
  }
}
